
Microsoft Visual Studio Solution File, Format Version 12.00
# Visual Studio Version 17
VisualStudioVersion = 17.0.31912.275
MinimumVisualStudioVersion = 10.0.40219.1
Project("{9A19103F-16F7-4668-BE54-9A1E7A4F7556}") = "LibDotNetParser", "LibDotNetParser\LibDotNetParser.csproj", "{8F344CC5-DB3B-437D-A492-B41F5BD0160B}"
EndProject
Project("{9A19103F-16F7-4668-BE54-9A1E7A4F7556}") = "TesterKernel", "TesterKernel\TesterKernel.csproj", "{0B54933E-1BDB-4BF3-BBFC-AAFB7806DCA1}"
	ProjectSection(ProjectDependencies) = postProject
		{B6E06C06-B2C1-46EB-B182-0F449E892F88} = {B6E06C06-B2C1-46EB-B182-0F449E892F88}
		{BA2DB41A-2D1C-469D-911D-CBD1E83D2590} = {BA2DB41A-2D1C-469D-911D-CBD1E83D2590}
	EndProjectSection
EndProject
Project("{9A19103F-16F7-4668-BE54-9A1E7A4F7556}") = "TestApp", "TestApp\TestApp.csproj", "{B6E06C06-B2C1-46EB-B182-0F449E892F88}"
	ProjectSection(ProjectDependencies) = postProject
		{BA2DB41A-2D1C-469D-911D-CBD1E83D2590} = {BA2DB41A-2D1C-469D-911D-CBD1E83D2590}
	EndProjectSection
EndProject
Project("{9A19103F-16F7-4668-BE54-9A1E7A4F7556}") = "libDotNetClr", "DotNetClr\libDotNetClr.csproj", "{67155BFC-F7B3-4494-A467-45319D9E5E8C}"
	ProjectSection(ProjectDependencies) = postProject
		{BA2DB41A-2D1C-469D-911D-CBD1E83D2590} = {BA2DB41A-2D1C-469D-911D-CBD1E83D2590}
	EndProjectSection
EndProject
Project("{2150E333-8FDC-42A3-9474-1A3956D46DE8}") = "Framework", "Framework", "{F496622B-19BA-48AC-AB0A-5FA5BFF85CD0}"
EndProject
Project("{9A19103F-16F7-4668-BE54-9A1E7A4F7556}") = "System.Private.CoreLib", "mscorlib\System.Private.CoreLib.csproj", "{BA2DB41A-2D1C-469D-911D-CBD1E83D2590}"
EndProject
Project("{2150E333-8FDC-42A3-9474-1A3956D46DE8}") = "Solution Items", "Solution Items", "{A8B174C3-3EB8-49D3-A8E3-372388F795C2}"
	ProjectSection(SolutionItems) = preProject
		.editorconfig = .editorconfig
	EndProjectSection
EndProject
Project("{2150E333-8FDC-42A3-9474-1A3956D46DE8}") = "Libraries", "Libraries", "{040BA7EA-78B6-49D5-BC58-6CE2979CE786}"
EndProject
Project("{9A19103F-16F7-4668-BE54-9A1E7A4F7556}") = "UnitTests", "UnitTests\UnitTests.csproj", "{BEDA62A8-E3DF-403C-BA1F-D86BF8A35653}"
	ProjectSection(ProjectDependencies) = postProject
		{B6E06C06-B2C1-46EB-B182-0F449E892F88} = {B6E06C06-B2C1-46EB-B182-0F449E892F88}
		{BA2DB41A-2D1C-469D-911D-CBD1E83D2590} = {BA2DB41A-2D1C-469D-911D-CBD1E83D2590}
		{AD95E461-BE02-4272-AE05-D54FC22ADEAE} = {AD95E461-BE02-4272-AE05-D54FC22ADEAE}
		{8F344CC5-DB3B-437D-A492-B41F5BD0160B} = {8F344CC5-DB3B-437D-A492-B41F5BD0160B}
	EndProjectSection
EndProject
Project("{9A19103F-16F7-4668-BE54-9A1E7A4F7556}") = "TestAppRunner", "TestAppRunner\TestAppRunner.csproj", "{AD95E461-BE02-4272-AE05-D54FC22ADEAE}"
	ProjectSection(ProjectDependencies) = postProject
		{BA2DB41A-2D1C-469D-911D-CBD1E83D2590} = {BA2DB41A-2D1C-469D-911D-CBD1E83D2590}
	EndProjectSection
EndProject
Global
	GlobalSection(SolutionConfigurationPlatforms) = preSolution
		Debug|Any CPU = Debug|Any CPU
		Debug|x64 = Debug|x64
		Release|Any CPU = Release|Any CPU
		Release|x64 = Release|x64
	EndGlobalSection
	GlobalSection(ProjectConfigurationPlatforms) = postSolution
		{8F344CC5-DB3B-437D-A492-B41F5BD0160B}.Debug|Any CPU.ActiveCfg = Debug|Any CPU
		{8F344CC5-DB3B-437D-A492-B41F5BD0160B}.Debug|Any CPU.Build.0 = Debug|Any CPU
		{8F344CC5-DB3B-437D-A492-B41F5BD0160B}.Debug|x64.ActiveCfg = Debug|x64
		{8F344CC5-DB3B-437D-A492-B41F5BD0160B}.Debug|x64.Build.0 = Debug|x64
		{8F344CC5-DB3B-437D-A492-B41F5BD0160B}.Release|Any CPU.ActiveCfg = Release|Any CPU
		{8F344CC5-DB3B-437D-A492-B41F5BD0160B}.Release|Any CPU.Build.0 = Release|Any CPU
		{8F344CC5-DB3B-437D-A492-B41F5BD0160B}.Release|x64.ActiveCfg = Release|x64
		{8F344CC5-DB3B-437D-A492-B41F5BD0160B}.Release|x64.Build.0 = Release|x64
		{0B54933E-1BDB-4BF3-BBFC-AAFB7806DCA1}.Debug|Any CPU.ActiveCfg = Debug|Any CPU
		{0B54933E-1BDB-4BF3-BBFC-AAFB7806DCA1}.Debug|Any CPU.Build.0 = Debug|Any CPU
		{0B54933E-1BDB-4BF3-BBFC-AAFB7806DCA1}.Debug|x64.ActiveCfg = Debug|x64
		{0B54933E-1BDB-4BF3-BBFC-AAFB7806DCA1}.Debug|x64.Build.0 = Debug|x64
		{0B54933E-1BDB-4BF3-BBFC-AAFB7806DCA1}.Release|Any CPU.ActiveCfg = Release|Any CPU
		{0B54933E-1BDB-4BF3-BBFC-AAFB7806DCA1}.Release|Any CPU.Build.0 = Release|Any CPU
		{0B54933E-1BDB-4BF3-BBFC-AAFB7806DCA1}.Release|x64.ActiveCfg = Release|x64
		{0B54933E-1BDB-4BF3-BBFC-AAFB7806DCA1}.Release|x64.Build.0 = Release|x64
		{B6E06C06-B2C1-46EB-B182-0F449E892F88}.Debug|Any CPU.ActiveCfg = Debug|Any CPU
		{B6E06C06-B2C1-46EB-B182-0F449E892F88}.Debug|Any CPU.Build.0 = Debug|Any CPU
		{B6E06C06-B2C1-46EB-B182-0F449E892F88}.Debug|x64.ActiveCfg = Debug|x64
		{B6E06C06-B2C1-46EB-B182-0F449E892F88}.Debug|x64.Build.0 = Debug|x64
		{B6E06C06-B2C1-46EB-B182-0F449E892F88}.Release|Any CPU.ActiveCfg = Release|Any CPU
		{B6E06C06-B2C1-46EB-B182-0F449E892F88}.Release|Any CPU.Build.0 = Release|Any CPU
		{B6E06C06-B2C1-46EB-B182-0F449E892F88}.Release|x64.ActiveCfg = Release|x64
		{B6E06C06-B2C1-46EB-B182-0F449E892F88}.Release|x64.Build.0 = Release|x64
		{67155BFC-F7B3-4494-A467-45319D9E5E8C}.Debug|Any CPU.ActiveCfg = Debug|Any CPU
		{67155BFC-F7B3-4494-A467-45319D9E5E8C}.Debug|Any CPU.Build.0 = Debug|Any CPU
		{67155BFC-F7B3-4494-A467-45319D9E5E8C}.Debug|x64.ActiveCfg = Debug|Any CPU
		{67155BFC-F7B3-4494-A467-45319D9E5E8C}.Debug|x64.Build.0 = Debug|Any CPU
		{67155BFC-F7B3-4494-A467-45319D9E5E8C}.Release|Any CPU.ActiveCfg = Release|Any CPU
		{67155BFC-F7B3-4494-A467-45319D9E5E8C}.Release|Any CPU.Build.0 = Release|Any CPU
		{67155BFC-F7B3-4494-A467-45319D9E5E8C}.Release|x64.ActiveCfg = Release|Any CPU
		{67155BFC-F7B3-4494-A467-45319D9E5E8C}.Release|x64.Build.0 = Release|Any CPU
		{BA2DB41A-2D1C-469D-911D-CBD1E83D2590}.Debug|Any CPU.ActiveCfg = Debug|Any CPU
		{BA2DB41A-2D1C-469D-911D-CBD1E83D2590}.Debug|Any CPU.Build.0 = Debug|Any CPU
		{BA2DB41A-2D1C-469D-911D-CBD1E83D2590}.Debug|x64.ActiveCfg = Debug|Any CPU
		{BA2DB41A-2D1C-469D-911D-CBD1E83D2590}.Debug|x64.Build.0 = Debug|Any CPU
		{BA2DB41A-2D1C-469D-911D-CBD1E83D2590}.Release|Any CPU.ActiveCfg = Release|Any CPU
		{BA2DB41A-2D1C-469D-911D-CBD1E83D2590}.Release|Any CPU.Build.0 = Release|Any CPU
		{BA2DB41A-2D1C-469D-911D-CBD1E83D2590}.Release|x64.ActiveCfg = Release|Any CPU
		{BA2DB41A-2D1C-469D-911D-CBD1E83D2590}.Release|x64.Build.0 = Release|Any CPU
		{BEDA62A8-E3DF-403C-BA1F-D86BF8A35653}.Debug|Any CPU.ActiveCfg = Debug|Any CPU
		{BEDA62A8-E3DF-403C-BA1F-D86BF8A35653}.Debug|Any CPU.Build.0 = Debug|Any CPU
		{BEDA62A8-E3DF-403C-BA1F-D86BF8A35653}.Debug|x64.ActiveCfg = Debug|Any CPU
		{BEDA62A8-E3DF-403C-BA1F-D86BF8A35653}.Debug|x64.Build.0 = Debug|Any CPU
		{BEDA62A8-E3DF-403C-BA1F-D86BF8A35653}.Release|Any CPU.ActiveCfg = Release|Any CPU
		{BEDA62A8-E3DF-403C-BA1F-D86BF8A35653}.Release|Any CPU.Build.0 = Release|Any CPU
		{BEDA62A8-E3DF-403C-BA1F-D86BF8A35653}.Release|x64.ActiveCfg = Release|Any CPU
		{BEDA62A8-E3DF-403C-BA1F-D86BF8A35653}.Release|x64.Build.0 = Release|Any CPU
		{AD95E461-BE02-4272-AE05-D54FC22ADEAE}.Debug|Any CPU.ActiveCfg = Debug|Any CPU
		{AD95E461-BE02-4272-AE05-D54FC22ADEAE}.Debug|Any CPU.Build.0 = Debug|Any CPU
		{AD95E461-BE02-4272-AE05-D54FC22ADEAE}.Debug|x64.ActiveCfg = Debug|x64
		{AD95E461-BE02-4272-AE05-D54FC22ADEAE}.Debug|x64.Build.0 = Debug|x64
		{AD95E461-BE02-4272-AE05-D54FC22ADEAE}.Release|Any CPU.ActiveCfg = Release|Any CPU
		{AD95E461-BE02-4272-AE05-D54FC22ADEAE}.Release|Any CPU.Build.0 = Release|Any CPU
		{AD95E461-BE02-4272-AE05-D54FC22ADEAE}.Release|x64.ActiveCfg = Release|x64
		{AD95E461-BE02-4272-AE05-D54FC22ADEAE}.Release|x64.Build.0 = Release|x64
	EndGlobalSection
	GlobalSection(SolutionProperties) = preSolution
		HideSolutionNode = FALSE
	EndGlobalSection
	GlobalSection(NestedProjects) = preSolution
		{8F344CC5-DB3B-437D-A492-B41F5BD0160B} = {040BA7EA-78B6-49D5-BC58-6CE2979CE786}
		{67155BFC-F7B3-4494-A467-45319D9E5E8C} = {040BA7EA-78B6-49D5-BC58-6CE2979CE786}
		{BA2DB41A-2D1C-469D-911D-CBD1E83D2590} = {F496622B-19BA-48AC-AB0A-5FA5BFF85CD0}
	EndGlobalSection
	GlobalSection(ExtensibilityGlobals) = postSolution
		SolutionGuid = {BFB4835E-1573-49E4-879D-FC877DA87077}
	EndGlobalSection
EndGlobal
